// !$*UTF8*$!
{
	archiveVersion = 1;
	classes = {
	};
	objectVersion = 46;
	objects = {

/* Begin PBXBuildFile section */
		0319A7F21D48AA5F00719531 /* CanvasViewController.m in Sources */ = {isa = PBXBuildFile; fileRef = 0319A7F11D48AA5F00719531 /* CanvasViewController.m */; };
		0319A7F51D48AA9D00719531 /* CanvasView.m in Sources */ = {isa = PBXBuildFile; fileRef = 0319A7F41D48AA9D00719531 /* CanvasView.m */; };
		03F99C901D3B82720096C922 /* main.m in Sources */ = {isa = PBXBuildFile; fileRef = 03F99C8F1D3B82720096C922 /* main.m */; };
		03F99C931D3B82720096C922 /* AppDelegate.m in Sources */ = {isa = PBXBuildFile; fileRef = 03F99C921D3B82720096C922 /* AppDelegate.m */; };
		03F99C991D3B82720096C922 /* Main.storyboard in Resources */ = {isa = PBXBuildFile; fileRef = 03F99C971D3B82720096C922 /* Main.storyboard */; };
		03F99C9B1D3B82720096C922 /* Assets.xcassets in Resources */ = {isa = PBXBuildFile; fileRef = 03F99C9A1D3B82720096C922 /* Assets.xcassets */; };
		03F99C9E1D3B82720096C922 /* LaunchScreen.storyboard in Resources */ = {isa = PBXBuildFile; fileRef = 03F99C9C1D3B82720096C922 /* LaunchScreen.storyboard */; };
/* End PBXBuildFile section */

/* Begin PBXFileReference section */
		0319A7F01D48AA5F00719531 /* CanvasViewController.h */ = {isa = PBXFileReference; fileEncoding = 4; lastKnownFileType = sourcecode.c.h; path = CanvasViewController.h; sourceTree = "<group>"; };
		0319A7F11D48AA5F00719531 /* CanvasViewController.m */ = {isa = PBXFileReference; fileEncoding = 4; lastKnownFileType = sourcecode.c.objc; path = CanvasViewController.m; sourceTree = "<group>"; };
		0319A7F31D48AA9D00719531 /* CanvasView.h */ = {isa = PBXFileReference; fileEncoding = 4; lastKnownFileType = sourcecode.c.h; path = CanvasView.h; sourceTree = "<group>"; };
		0319A7F41D48AA9D00719531 /* CanvasView.m */ = {isa = PBXFileReference; fileEncoding = 4; lastKnownFileType = sourcecode.c.objc; path = CanvasView.m; sourceTree = "<group>"; };
		03F99C8B1D3B82720096C922 /* Drawing.app */ = {isa = PBXFileReference; explicitFileType = wrapper.application; includeInIndex = 0; path = Drawing.app; sourceTree = BUILT_PRODUCTS_DIR; };
		03F99C8F1D3B82720096C922 /* main.m */ = {isa = PBXFileReference; lastKnownFileType = sourcecode.c.objc; path = main.m; sourceTree = "<group>"; };
		03F99C911D3B82720096C922 /* AppDelegate.h */ = {isa = PBXFileReference; lastKnownFileType = sourcecode.c.h; path = AppDelegate.h; sourceTree = "<group>"; };
		03F99C921D3B82720096C922 /* AppDelegate.m */ = {isa = PBXFileReference; lastKnownFileType = sourcecode.c.objc; path = AppDelegate.m; sourceTree = "<group>"; };
		03F99C981D3B82720096C922 /* Base */ = {isa = PBXFileReference; lastKnownFileType = file.storyboard; name = Base; path = Base.lproj/Main.storyboard; sourceTree = "<group>"; };
		03F99C9A1D3B82720096C922 /* Assets.xcassets */ = {isa = PBXFileReference; lastKnownFileType = folder.assetcatalog; path = Assets.xcassets; sourceTree = "<group>"; };
		03F99C9D1D3B82720096C922 /* Base */ = {isa = PBXFileReference; lastKnownFileType = file.storyboard; name = Base; path = Base.lproj/LaunchScreen.storyboard; sourceTree = "<group>"; };
		03F99C9F1D3B82720096C922 /* Info.plist */ = {isa = PBXFileReference; lastKnownFileType = text.plist.xml; path = Info.plist; sourceTree = "<group>"; };
/* End PBXFileReference section */

/* Begin PBXFrameworksBuildPhase section */
		03F99C881D3B82720096C922 /* Frameworks */ = {
			isa = PBXFrameworksBuildPhase;
			buildActionMask = 2147483647;
			files = (
			);
			runOnlyForDeploymentPostprocessing = 0;
		};
/* End PBXFrameworksBuildPhase section */

/* Begin PBXGroup section */
		03F99C821D3B82720096C922 = {
			isa = PBXGroup;
			children = (
				03F99C8D1D3B82720096C922 /* Drawing */,
				03F99C8C1D3B82720096C922 /* Products */,
			);
			sourceTree = "<group>";
		};
		03F99C8C1D3B82720096C922 /* Products */ = {
			isa = PBXGroup;
			children = (
				03F99C8B1D3B82720096C922 /* Drawing.app */,
			);
			name = Products;
			sourceTree = "<group>";
		};
		03F99C8D1D3B82720096C922 /* Drawing */ = {
			isa = PBXGroup;
			children = (
				03F99C911D3B82720096C922 /* AppDelegate.h */,
				03F99C921D3B82720096C922 /* AppDelegate.m */,
				03F99C971D3B82720096C922 /* Main.storyboard */,
				03F99C9A1D3B82720096C922 /* Assets.xcassets */,
				03F99C9C1D3B82720096C922 /* LaunchScreen.storyboard */,
				03F99C9F1D3B82720096C922 /* Info.plist */,
				03F99C8E1D3B82720096C922 /* Supporting Files */,
				0319A7F01D48AA5F00719531 /* CanvasViewController.h */,
				0319A7F11D48AA5F00719531 /* CanvasViewController.m */,
				0319A7F31D48AA9D00719531 /* CanvasView.h */,
				0319A7F41D48AA9D00719531 /* CanvasView.m */,
			);
			path = Drawing;
			sourceTree = "<group>";
		};
		03F99C8E1D3B82720096C922 /* Supporting Files */ = {
			isa = PBXGroup;
			children = (
				03F99C8F1D3B82720096C922 /* main.m */,
			);
			name = "Supporting Files";
			sourceTree = "<group>";
		};
/* End PBXGroup section */

/* Begin PBXNativeTarget section */
		03F99C8A1D3B82720096C922 /* Drawing */ = {
			isa = PBXNativeTarget;
			buildConfigurationList = 03F99CA21D3B82720096C922 /* Build configuration list for PBXNativeTarget "Drawing" */;
			buildPhases = (
				03F99C871D3B82720096C922 /* Sources */,
				03F99C881D3B82720096C922 /* Frameworks */,
				03F99C891D3B82720096C922 /* Resources */,
			);
			buildRules = (
			);
			dependencies = (
			);
			name = Drawing;
			productName = Drawing;
			productReference = 03F99C8B1D3B82720096C922 /* Drawing.app */;
			productType = "com.apple.product-type.application";
		};
/* End PBXNativeTarget section */

/* Begin PBXProject section */
		03F99C831D3B82720096C922 /* Project object */ = {
			isa = PBXProject;
			attributes = {
				LastUpgradeCheck = 0730;
				ORGANIZATIONNAME = "KK Chen";
				TargetAttributes = {
					03F99C8A1D3B82720096C922 = {
						CreatedOnToolsVersion = 7.3.1;
					};
				};
			};
			buildConfigurationList = 03F99C861D3B82720096C922 /* Build configuration list for PBXProject "Drawing" */;
			compatibilityVersion = "Xcode 3.2";
			developmentRegion = English;
			hasScannedForEncodings = 0;
			knownRegions = (
				en,
				Base,
			);
			mainGroup = 03F99C821D3B82720096C922;
			productRefGroup = 03F99C8C1D3B82720096C922 /* Products */;
			projectDirPath = "";
			projectRoot = "";
			targets = (
				03F99C8A1D3B82720096C922 /* Drawing */,
			);
		};
/* End PBXProject section */

/* Begin PBXResourcesBuildPhase section */
		03F99C891D3B82720096C922 /* Resources */ = {
			isa = PBXResourcesBuildPhase;
			buildActionMask = 2147483647;
			files = (
				03F99C9E1D3B82720096C922 /* LaunchScreen.storyboard in Resources */,
				03F99C9B1D3B82720096C922 /* Assets.xcassets in Resources */,
				03F99C991D3B82720096C922 /* Main.storyboard in Resources */,
			);
			runOnlyForDeploymentPostprocessing = 0;
		};
/* End PBXResourcesBuildPhase section */

/* Begin PBXSourcesBuildPhase section */
		03F99C871D3B82720096C922 /* Sources */ = {
			isa = PBXSourcesBuildPhase;
			buildActionMask = 2147483647;
			files = (
				03F99C931D3B82720096C922 /* AppDelegate.m in Sources */,
				03F99C901D3B82720096C922 /* main.m in Sources */,
				0319A7F51D48AA9D00719531 /* CanvasView.m in Sources */,
				0319A7F21D48AA5F00719531 /* CanvasViewController.m in Sources */,
			);
			runOnlyForDeploymentPostprocessing = 0;
		};
/* End PBXSourcesBuildPhase section */

/* Begin PBXVariantGroup section */
		03F99C971D3B82720096C922 /* Main.storyboard */ = {
			isa = PBXVariantGroup;
			children = (
				03F99C981D3B82720096C922 /* Base */,
			);
			name = Main.storyboard;
			sourceTree = "<group>";
		};
		03F99C9C1D3B82720096C922 /* LaunchScreen.storyboard */ = {
			isa = PBXVariantGroup;
			children = (
				03F99C9D1D3B82720096C922 /* Base */,
			);
			name = LaunchScreen.storyboard;
			sourceTree = "<group>";
		};
/* End PBXVariantGroup section */

/* Begin XCBuildConfiguration section */
		03F99CA01D3B82720096C922 /* Debug */ = {
			isa = XCBuildConfiguration;
			buildSettings = {
				ALWAYS_SEARCH_USER_PATHS = NO;
				CLANG_ANALYZER_NONNULL = YES;
				CLANG_CXX_LANGUAGE_STANDARD = "gnu++0x";
				CLANG_CXX_LIBRARY = "libc++";
				CLANG_ENABLE_MODULES = YES;
				CLANG_ENABLE_OBJC_ARC = YES;
				CLANG_WARN_BOOL_CONVERSION = YES;
				CLANG_WARN_CONSTANT_CONVERSION = YES;
				CLANG_WARN_DIRECT_OBJC_ISA_USAGE = YES_ERROR;
				CLANG_WARN_EMPTY_BODY = YES;
				CLANG_WARN_ENUM_CONVERSION = YES;
				CLANG_WARN_INT_CONVERSION = YES;
				CLANG_WARN_OBJC_ROOT_CLASS = YES_ERROR;
				CLANG_WARN_UNREACHABLE_CODE = YES;
				CLANG_WARN__DUPLICATE_METHOD_MATCH = YES;
				"CODE_SIGN_IDENTITY[sdk=iphoneos*]" = "iPhone Developer";
				COPY_PHASE_STRIP = NO;
				DEBUG_INFORMATION_FORMAT = dwarf;
				ENABLE_STRICT_OBJC_MSGSEND = YES;
				ENABLE_TESTABILITY = YES;
				GCC_C_LANGUAGE_STANDARD = gnu99;
				GCC_DYNAMIC_NO_PIC = NO;
				GCC_NO_COMMON_BLOCKS = YES;
				GCC_OPTIMIZATION_LEVEL = 0;
				GCC_PREPROCESSOR_DEFINITIONS = (
					"DEBUG=1",
					"$(inherited)",
				);
				GCC_WARN_64_TO_32_BIT_CONVERSION = YES;
				GCC_WARN_ABOUT_RETURN_TYPE = YES_ERROR;
				GCC_WARN_UNDECLARED_SELECTOR = YES;
				GCC_WARN_UNINITIALIZED_AUTOS = YES_AGGRESSIVE;
				GCC_WARN_UNUSED_FUNCTION = YES;
				GCC_WARN_UNUSED_VARIABLE = YES;
				IPHONEOS_DEPLOYMENT_TARGET = 9.3;
				MTL_ENABLE_DEBUG_INFO = YES;
				ONLY_ACTIVE_ARCH = YES;
				SDKROOT = iphoneos;
			};
			name = Debug;
		};
		03F99CA11D3B82720096C922 /* Release */ = {
			isa = XCBuildConfiguration;
			buildSettings = {
				ALWAYS_SEARCH_USER_PATHS = NO;
				CLANG_ANALYZER_NONNULL = YES;
				CLANG_CXX_LANGUAGE_STANDARD = "gnu++0x";
				CLANG_CXX_LIBRARY = "libc++";
				CLANG_ENABLE_MODULES = YES;
				CLANG_ENABLE_OBJC_ARC = YES;
				CLANG_WARN_BOOL_CONVERSION = YES;
				CLANG_WARN_CONSTANT_CONVERSION = YES;
				CLANG_WARN_DIRECT_OBJC_ISA_USAGE = YES_ERROR;
				CLANG_WARN_EMPTY_BODY = YES;
				CLANG_WARN_ENUM_CONVERSION = YES;
				CLANG_WARN_INT_CONVERSION = YES;
				CLANG_WARN_OBJC_ROOT_CLASS = YES_ERROR;
				CLANG_WARN_UNREACHABLE_CODE = YES;
				CLANG_WARN__DUPLICATE_METHOD_MATCH = YES;
				"CODE_SIGN_IDENTITY[sdk=iphoneos*]" = "iPhone Developer";
				COPY_PHASE_STRIP = NO;
				DEBUG_INFORMATION_FORMAT = "dwarf-with-dsym";
				ENABLE_NS_ASSERTIONS = NO;
				ENABLE_STRICT_OBJC_MSGSEND = YES;
				GCC_C_LANGUAGE_STANDARD = gnu99;
				GCC_NO_COMMON_BLOCKS = YES;
				GCC_WARN_64_TO_32_BIT_CONVERSION = YES;
				GCC_WARN_ABOUT_RETURN_TYPE = YES_ERROR;
				GCC_WARN_UNDECLARED_SELECTOR = YES;
				GCC_WARN_UNINITIALIZED_AUTOS = YES_AGGRESSIVE;
				GCC_WARN_UNUSED_FUNCTION = YES;
				GCC_WARN_UNUSED_VARIABLE = YES;
				IPHONEOS_DEPLOYMENT_TARGET = 9.3;
				MTL_ENABLE_DEBUG_INFO = NO;
				SDKROOT = iphoneos;
				VALIDATE_PRODUCT = YES;
			};
			name = Release;
		};
		03F99CA31D3B82720096C922 /* Debug */ = {
			isa = XCBuildConfiguration;
			buildSettings = {
				ASSETCATALOG_COMPILER_APPICON_NAME = AppIcon;
				INFOPLIST_FILE = Drawing/Info.plist;
				LD_RUNPATH_SEARCH_PATHS = "$(inherited) @executable_path/Frameworks";
				PRODUCT_BUNDLE_IDENTIFIER = com.bichenkk.Drawing;
				PRODUCT_NAME = "$(TARGET_NAME)";
			};
			name = Debug;
		};
		03F99CA41D3B82720096C922 /* Release */ = {
			isa = XCBuildConfiguration;
			buildSettings = {
				ASSETCATALOG_COMPILER_APPICON_NAME = AppIcon;
				INFOPLIST_FILE = Drawing/Info.plist;
				LD_RUNPATH_SEARCH_PATHS = "$(inherited) @executable_path/Frameworks";
				PRODUCT_BUNDLE_IDENTIFIER = com.bichenkk.Drawing;
				PRODUCT_NAME = "$(TARGET_NAME)";
			};
			name = Release;
		};
/* End XCBuildConfiguration section */

/* Begin XCConfigurationList section */
		03F99C861D3B82720096C922 /* Build configuration list for PBXProject "Drawing" */ = {
			isa = XCConfigurationList;
			buildConfigurations = (
				03F99CA01D3B82720096C922 /* Debug */,
				03F99CA11D3B82720096C922 /* Release */,
			);
			defaultConfigurationIsVisible = 0;
			defaultConfigurationName = Release;
		};
		03F99CA21D3B82720096C922 /* Build configuration list for PBXNativeTarget "Drawing" */ = {
			isa = XCConfigurationList;
			buildConfigurations = (
				03F99CA31D3B82720096C922 /* Debug */,
				03F99CA41D3B82720096C922 /* Release */,
			);
			defaultConfigurationIsVisible = 0;
			defaultConfigurationName = Release;
		};
/* End XCConfigurationList section */
	};
	rootObject = 03F99C831D3B82720096C922 /* Project object */;
}
